
Microsoft Visual Studio Solution File, Format Version 12.00
# Visual Studio 15
Project("{FAE04EC0-301F-11D3-BF4B-00C04F79EFBC}") = "Assembly-CSharp", "Assembly-CSharp.csproj", "{4F7C3327-BF7E-FFE9-650A-F65FB9FA4CC7}"
EndProject
Project("{FAE04EC0-301F-11D3-BF4B-00C04F79EFBC}") = "Assembly-CSharp-firstpass", "Assembly-CSharp-firstpass.csproj", "{ADC37D80-695F-B9A1-D5EE-E4F41089D001}"
EndProject
Project("{FAE04EC0-301F-11D3-BF4B-00C04F79EFBC}") = "Sirenix.OdinInspector.CompatibilityLayer", "Sirenix.OdinInspector.CompatibilityLayer.csproj", "{990DE1DA-BD0B-64B8-BFDA-C1DB06EE1B07}"
EndProject
Project("{FAE04EC0-301F-11D3-BF4B-00C04F79EFBC}") = "Assembly-CSharp-Editor-firstpass", "Assembly-CSharp-Editor-firstpass.csproj", "{DBA271F4-305F-9A29-6399-AB8CAFFAC469}"
EndProject
Project("{FAE04EC0-301F-11D3-BF4B-00C04F79EFBC}") = "Assembly-CSharp-Editor", "Assembly-CSharp-Editor.csproj", "{3F14EDCB-5046-DD0C-BA5A-E0F3820A5901}"
EndProject
Project("{FAE04EC0-301F-11D3-BF4B-00C04F79EFBC}") = "Sirenix.OdinInspector.CompatibilityLayer.Editor", "Sirenix.OdinInspector.CompatibilityLayer.Editor.csproj", "{7383BE3B-14E7-E25E-AF68-2C3F629FC091}"
EndProject
Global
	GlobalSection(SolutionConfigurationPlatforms) = preSolution
		Debug|Any CPU = Debug|Any CPU
		Release|Any CPU = Release|Any CPU
	EndGlobalSection
	GlobalSection(ProjectConfigurationPlatforms) = postSolution
		{4F7C3327-BF7E-FFE9-650A-F65FB9FA4CC7}.Debug|Any CPU.ActiveCfg = Debug|Any CPU
		{4F7C3327-BF7E-FFE9-650A-F65FB9FA4CC7}.Debug|Any CPU.Build.0 = Debug|Any CPU
		{4F7C3327-BF7E-FFE9-650A-F65FB9FA4CC7}.Release|Any CPU.ActiveCfg = Release|Any CPU
		{4F7C3327-BF7E-FFE9-650A-F65FB9FA4CC7}.Release|Any CPU.Build.0 = Release|Any CPU
		{ADC37D80-695F-B9A1-D5EE-E4F41089D001}.Debug|Any CPU.ActiveCfg = Debug|Any CPU
		{ADC37D80-695F-B9A1-D5EE-E4F41089D001}.Debug|Any CPU.Build.0 = Debug|Any CPU
		{ADC37D80-695F-B9A1-D5EE-E4F41089D001}.Release|Any CPU.ActiveCfg = Release|Any CPU
		{ADC37D80-695F-B9A1-D5EE-E4F41089D001}.Release|Any CPU.Build.0 = Release|Any CPU
		{990DE1DA-BD0B-64B8-BFDA-C1DB06EE1B07}.Debug|Any CPU.ActiveCfg = Debug|Any CPU
		{990DE1DA-BD0B-64B8-BFDA-C1DB06EE1B07}.Debug|Any CPU.Build.0 = Debug|Any CPU
		{990DE1DA-BD0B-64B8-BFDA-C1DB06EE1B07}.Release|Any CPU.ActiveCfg = Release|Any CPU
		{990DE1DA-BD0B-64B8-BFDA-C1DB06EE1B07}.Release|Any CPU.Build.0 = Release|Any CPU
		{DBA271F4-305F-9A29-6399-AB8CAFFAC469}.Debug|Any CPU.ActiveCfg = Debug|Any CPU
		{DBA271F4-305F-9A29-6399-AB8CAFFAC469}.Debug|Any CPU.Build.0 = Debug|Any CPU
		{DBA271F4-305F-9A29-6399-AB8CAFFAC469}.Release|Any CPU.ActiveCfg = Release|Any CPU
		{DBA271F4-305F-9A29-6399-AB8CAFFAC469}.Release|Any CPU.Build.0 = Release|Any CPU
		{3F14EDCB-5046-DD0C-BA5A-E0F3820A5901}.Debug|Any CPU.ActiveCfg = Debug|Any CPU
		{3F14EDCB-5046-DD0C-BA5A-E0F3820A5901}.Debug|Any CPU.Build.0 = Debug|Any CPU
		{3F14EDCB-5046-DD0C-BA5A-E0F3820A5901}.Release|Any CPU.ActiveCfg = Release|Any CPU
		{3F14EDCB-5046-DD0C-BA5A-E0F3820A5901}.Release|Any CPU.Build.0 = Release|Any CPU
		{7383BE3B-14E7-E25E-AF68-2C3F629FC091}.Debug|Any CPU.ActiveCfg = Debug|Any CPU
		{7383BE3B-14E7-E25E-AF68-2C3F629FC091}.Debug|Any CPU.Build.0 = Debug|Any CPU
		{7383BE3B-14E7-E25E-AF68-2C3F629FC091}.Release|Any CPU.ActiveCfg = Release|Any CPU
		{7383BE3B-14E7-E25E-AF68-2C3F629FC091}.Release|Any CPU.Build.0 = Release|Any CPU
	EndGlobalSection
	GlobalSection(SolutionProperties) = preSolution
		HideSolutionNode = FALSE
	EndGlobalSection
EndGlobal
